{
  "name": "react-ui",
  "version": "0.1.0",
  "lockfileVersion": 1,
  "requires": true,
  "dependencies": {
    "@types/events": {
      "version": "1.1.0",
      "resolved": "https://registry.npmjs.org/@types/events/-/events-1.1.0.tgz",
      "integrity": "sha512-y3bR98mzYOo0pAZuiLari+cQyiKk3UXRuT45h1RjhfeCzqkjaVsfZJNaxdgtk7/3tzOm1ozLTqEqMP3VbI48jw=="
    },
    "@types/lodash": {
      "version": "4.14.87",
      "resolved": "https://registry.npmjs.org/@types/lodash/-/lodash-4.14.87.tgz",
      "integrity": "sha512-AqRC+aEF4N0LuNHtcjKtvF9OTfqZI0iaBoe3dA6m/W+/YZJBZjBmW/QIZ8fBeXC6cnytSY9tBoFBqZ9uSCeVsw=="
    },
    "@types/lodash.clonedeep": {
      "version": "4.5.3",
      "resolved": "https://registry.npmjs.org/@types/lodash.clonedeep/-/lodash.clonedeep-4.5.3.tgz",
      "integrity": "sha512-307uNXpe90TSLRCZM2ggGtdzKZ2h4v1tDMDsahYI4/CvWd1+VhAmRQ+WJyA+wLF6kLLUae9JhpdKyLAzRaW3Qw==",
      "requires": {
        "@types/lodash": "4.14.87"
      }
    },
    "@types/node": {
      "version": "8.0.54",
      "resolved": "https://registry.npmjs.org/@types/node/-/node-8.0.54.tgz",
      "integrity": "sha512-qetMdTv3Ytz9u9ESLdcYs45LPI0mczYZIbC184n7kY0jczOqPNQsabBfVCh+na3B2shAfvC459JqHV771A8Rxg==",
      "requires": {
        "@types/events": "1.1.0"
      }
    },
    "@types/react": {
      "version": "16.0.26",
      "resolved": "https://registry.npmjs.org/@types/react/-/react-16.0.26.tgz",
      "integrity": "sha512-HBYed2AwNNUO+6JrGd145PUthwoYv/I8ss/eIVor2vUwjXDexe7tYw7M+dyumadd6RJkf9iOPUr3kzhSE3Ln4A=="
    },
    "lodash.clonedeep": {
      "version": "4.5.0",
      "resolved": "https://registry.npmjs.org/lodash.clonedeep/-/lodash.clonedeep-4.5.0.tgz",
      "integrity": "sha1-4j8/nE+Pvd6HJSnBBxhXoIblzO8="
    },
    "particlesjs": {
      "version": "2.1.0",
      "resolved": "https://registry.npmjs.org/particlesjs/-/particlesjs-2.1.0.tgz",
      "integrity": "sha512-NdRTnKAgrN9tRLluxhk0MxydlzAh/e9BMCTC/xB0wVw7IAYy3T97dPCLaHDXZLK1/64VM45D85bm4P5oGnSzlA=="
    },
    "react-particles-js": {
      "version": "2.1.0",
      "resolved": "https://registry.npmjs.org/react-particles-js/-/react-particles-js-2.1.0.tgz",
      "integrity": "sha512-rinI0uiH4C52ObZzGfg6113ygOH6tT1Gif0bTa8I21pUi3rCdupWSiMFWvu+MdnbRKssqfWAVY9I+5uO8qxPQg==",
      "requires": {
        "@types/lodash.clonedeep": "4.5.3",
        "@types/node": "8.0.54",
        "@types/react": "16.0.26",
        "lodash.clonedeep": "4.5.0"
      }
    }
  }
}
